// !$*UTF8*$!
{
	archiveVersion = 1;
	classes = {
	};
	objectVersion = 46;
	objects = {

/* Begin PBXBuildFile section */
		DD1EE4A61E8FFFC6001BECE1 /* AppDelegate.swift in Sources */ = {isa = PBXBuildFile; fileRef = DD1EE4A51E8FFFC6001BECE1 /* AppDelegate.swift */; };
		DD1EE4A81E8FFFC6001BECE1 /* ViewController.swift in Sources */ = {isa = PBXBuildFile; fileRef = DD1EE4A71E8FFFC6001BECE1 /* ViewController.swift */; };
		DD1EE4AB1E8FFFC6001BECE1 /* Main.storyboard in Resources */ = {isa = PBXBuildFile; fileRef = DD1EE4A91E8FFFC6001BECE1 /* Main.storyboard */; };
		DD1EE4AD1E8FFFC6001BECE1 /* Assets.xcassets in Resources */ = {isa = PBXBuildFile; fileRef = DD1EE4AC1E8FFFC6001BECE1 /* Assets.xcassets */; };
		DD1EE4B01E8FFFC6001BECE1 /* LaunchScreen.storyboard in Resources */ = {isa = PBXBuildFile; fileRef = DD1EE4AE1E8FFFC6001BECE1 /* LaunchScreen.storyboard */; };
		DDBBD58A1E90048400707E81 /* pokemon.csv in Resources */ = {isa = PBXBuildFile; fileRef = DDBBD5891E90048400707E81 /* pokemon.csv */; };
		DDBBD58F1E900D4000707E81 /* Pokemon.swift in Sources */ = {isa = PBXBuildFile; fileRef = DDBBD58E1E900D4000707E81 /* Pokemon.swift */; };
		DDBBD5911E90132A00707E81 /* PokeCell.swift in Sources */ = {isa = PBXBuildFile; fileRef = DDBBD5901E90132A00707E81 /* PokeCell.swift */; };
		DDBBD5931E902DFD00707E81 /* csv.swift in Sources */ = {isa = PBXBuildFile; fileRef = DDBBD5921E902DFD00707E81 /* csv.swift */; };
		DDBBD5951E9032E000707E81 /* pokemon.ttf in Resources */ = {isa = PBXBuildFile; fileRef = DDBBD5941E9032E000707E81 /* pokemon.ttf */; };
		DDBBD5991E9036C000707E81 /* music.mp3 in Resources */ = {isa = PBXBuildFile; fileRef = DDBBD5981E9036C000707E81 /* music.mp3 */; };
		DDBBD59B1E90414000707E81 /* PokemonDetailVC.swift in Sources */ = {isa = PBXBuildFile; fileRef = DDBBD59A1E90414000707E81 /* PokemonDetailVC.swift */; };
		DDBBD59D1E9057B200707E81 /* Constants.swift in Sources */ = {isa = PBXBuildFile; fileRef = DDBBD59C1E9057B200707E81 /* Constants.swift */; };
		DDBBD59F1E90675700707E81 /* pokeball.png in Resources */ = {isa = PBXBuildFile; fileRef = DDBBD59E1E90675700707E81 /* pokeball.png */; };
		EF0ADCC39F7634CF84F0471A /* Pods_pokedex.framework in Frameworks */ = {isa = PBXBuildFile; fileRef = 8EBB41EB0999D47D16108205 /* Pods_pokedex.framework */; };
/* End PBXBuildFile section */

/* Begin PBXFileReference section */
		0ADA09C788C2BAE66DAC72EC /* Pods-pokedex.release.xcconfig */ = {isa = PBXFileReference; includeInIndex = 1; lastKnownFileType = text.xcconfig; name = "Pods-pokedex.release.xcconfig"; path = "Pods/Target Support Files/Pods-pokedex/Pods-pokedex.release.xcconfig"; sourceTree = "<group>"; };
		8EBB41EB0999D47D16108205 /* Pods_pokedex.framework */ = {isa = PBXFileReference; explicitFileType = wrapper.framework; includeInIndex = 0; path = Pods_pokedex.framework; sourceTree = BUILT_PRODUCTS_DIR; };
		DD1EE4A21E8FFFC6001BECE1 /* pokedex.app */ = {isa = PBXFileReference; explicitFileType = wrapper.application; includeInIndex = 0; path = pokedex.app; sourceTree = BUILT_PRODUCTS_DIR; };
		DD1EE4A51E8FFFC6001BECE1 /* AppDelegate.swift */ = {isa = PBXFileReference; lastKnownFileType = sourcecode.swift; path = AppDelegate.swift; sourceTree = "<group>"; };
		DD1EE4A71E8FFFC6001BECE1 /* ViewController.swift */ = {isa = PBXFileReference; lastKnownFileType = sourcecode.swift; path = ViewController.swift; sourceTree = "<group>"; };
		DD1EE4AA1E8FFFC6001BECE1 /* Base */ = {isa = PBXFileReference; lastKnownFileType = file.storyboard; name = Base; path = Base.lproj/Main.storyboard; sourceTree = "<group>"; };
		DD1EE4AC1E8FFFC6001BECE1 /* Assets.xcassets */ = {isa = PBXFileReference; lastKnownFileType = folder.assetcatalog; path = Assets.xcassets; sourceTree = "<group>"; };
		DD1EE4AF1E8FFFC6001BECE1 /* Base */ = {isa = PBXFileReference; lastKnownFileType = file.storyboard; name = Base; path = Base.lproj/LaunchScreen.storyboard; sourceTree = "<group>"; };
		DD1EE4B11E8FFFC6001BECE1 /* Info.plist */ = {isa = PBXFileReference; lastKnownFileType = text.plist.xml; path = Info.plist; sourceTree = "<group>"; };
		DDBBD5891E90048400707E81 /* pokemon.csv */ = {isa = PBXFileReference; fileEncoding = 4; lastKnownFileType = text; path = pokemon.csv; sourceTree = "<group>"; };
		DDBBD58E1E900D4000707E81 /* Pokemon.swift */ = {isa = PBXFileReference; fileEncoding = 4; lastKnownFileType = sourcecode.swift; path = Pokemon.swift; sourceTree = "<group>"; };
		DDBBD5901E90132A00707E81 /* PokeCell.swift */ = {isa = PBXFileReference; fileEncoding = 4; lastKnownFileType = sourcecode.swift; path = PokeCell.swift; sourceTree = "<group>"; };
		DDBBD5921E902DFD00707E81 /* csv.swift */ = {isa = PBXFileReference; fileEncoding = 4; lastKnownFileType = sourcecode.swift; path = csv.swift; sourceTree = "<group>"; };
		DDBBD5941E9032E000707E81 /* pokemon.ttf */ = {isa = PBXFileReference; lastKnownFileType = file; path = pokemon.ttf; sourceTree = "<group>"; };
		DDBBD5981E9036C000707E81 /* music.mp3 */ = {isa = PBXFileReference; lastKnownFileType = audio.mp3; path = music.mp3; sourceTree = "<group>"; };
		DDBBD59A1E90414000707E81 /* PokemonDetailVC.swift */ = {isa = PBXFileReference; fileEncoding = 4; lastKnownFileType = sourcecode.swift; path = PokemonDetailVC.swift; sourceTree = "<group>"; };
		DDBBD59C1E9057B200707E81 /* Constants.swift */ = {isa = PBXFileReference; fileEncoding = 4; lastKnownFileType = sourcecode.swift; path = Constants.swift; sourceTree = "<group>"; };
		DDBBD59E1E90675700707E81 /* pokeball.png */ = {isa = PBXFileReference; lastKnownFileType = image.png; path = pokeball.png; sourceTree = "<group>"; };
		F597767751DB056B9BD31B0E /* Pods-pokedex.debug.xcconfig */ = {isa = PBXFileReference; includeInIndex = 1; lastKnownFileType = text.xcconfig; name = "Pods-pokedex.debug.xcconfig"; path = "Pods/Target Support Files/Pods-pokedex/Pods-pokedex.debug.xcconfig"; sourceTree = "<group>"; };
/* End PBXFileReference section */

/* Begin PBXFrameworksBuildPhase section */
		DD1EE49F1E8FFFC6001BECE1 /* Frameworks */ = {
			isa = PBXFrameworksBuildPhase;
			buildActionMask = 2147483647;
			files = (
				EF0ADCC39F7634CF84F0471A /* Pods_pokedex.framework in Frameworks */,
			);
			runOnlyForDeploymentPostprocessing = 0;
		};
/* End PBXFrameworksBuildPhase section */

/* Begin PBXGroup section */
		66F9AF40A3D1E7BB7973E342 /* Frameworks */ = {
			isa = PBXGroup;
			children = (
				8EBB41EB0999D47D16108205 /* Pods_pokedex.framework */,
			);
			name = Frameworks;
			sourceTree = "<group>";
		};
		DD1EE4991E8FFFC6001BECE1 = {
			isa = PBXGroup;
			children = (
				DD1EE4A41E8FFFC6001BECE1 /* pokedex */,
				DD1EE4A31E8FFFC6001BECE1 /* Products */,
				F048FC01D333F074CE7BF2E8 /* Pods */,
				66F9AF40A3D1E7BB7973E342 /* Frameworks */,
			);
			sourceTree = "<group>";
		};
		DD1EE4A31E8FFFC6001BECE1 /* Products */ = {
			isa = PBXGroup;
			children = (
				DD1EE4A21E8FFFC6001BECE1 /* pokedex.app */,
			);
			name = Products;
			sourceTree = "<group>";
		};
		DD1EE4A41E8FFFC6001BECE1 /* pokedex */ = {
			isa = PBXGroup;
			children = (
				DDBBD58B1E900D1E00707E81 /* Model */,
				DDBBD58C1E900D2500707E81 /* View */,
				DDBBD58D1E900D2A00707E81 /* Controller */,
				DDBBD5961E9032FA00707E81 /* Resources */,
				DDBBD5971E90331200707E81 /* Util */,
				DD1EE4A51E8FFFC6001BECE1 /* AppDelegate.swift */,
				DD1EE4A91E8FFFC6001BECE1 /* Main.storyboard */,
				DD1EE4AC1E8FFFC6001BECE1 /* Assets.xcassets */,
				DD1EE4AE1E8FFFC6001BECE1 /* LaunchScreen.storyboard */,
				DD1EE4B11E8FFFC6001BECE1 /* Info.plist */,
			);
			path = pokedex;
			sourceTree = "<group>";
		};
		DDBBD58B1E900D1E00707E81 /* Model */ = {
			isa = PBXGroup;
			children = (
				DDBBD58E1E900D4000707E81 /* Pokemon.swift */,
			);
			name = Model;
			sourceTree = "<group>";
		};
		DDBBD58C1E900D2500707E81 /* View */ = {
			isa = PBXGroup;
			children = (
				DDBBD5901E90132A00707E81 /* PokeCell.swift */,
			);
			name = View;
			sourceTree = "<group>";
		};
		DDBBD58D1E900D2A00707E81 /* Controller */ = {
			isa = PBXGroup;
			children = (
				DD1EE4A71E8FFFC6001BECE1 /* ViewController.swift */,
				DDBBD59A1E90414000707E81 /* PokemonDetailVC.swift */,
			);
			name = Controller;
			sourceTree = "<group>";
		};
		DDBBD5961E9032FA00707E81 /* Resources */ = {
			isa = PBXGroup;
			children = (
				DDBBD5941E9032E000707E81 /* pokemon.ttf */,
				DDBBD5981E9036C000707E81 /* music.mp3 */,
				DDBBD5891E90048400707E81 /* pokemon.csv */,
				DDBBD59E1E90675700707E81 /* pokeball.png */,
			);
			name = Resources;
			sourceTree = "<group>";
		};
		DDBBD5971E90331200707E81 /* Util */ = {
			isa = PBXGroup;
			children = (
				DDBBD5921E902DFD00707E81 /* csv.swift */,
				DDBBD59C1E9057B200707E81 /* Constants.swift */,
			);
			name = Util;
			sourceTree = "<group>";
		};
		F048FC01D333F074CE7BF2E8 /* Pods */ = {
			isa = PBXGroup;
			children = (
				F597767751DB056B9BD31B0E /* Pods-pokedex.debug.xcconfig */,
				0ADA09C788C2BAE66DAC72EC /* Pods-pokedex.release.xcconfig */,
			);
			name = Pods;
			sourceTree = "<group>";
		};
/* End PBXGroup section */

/* Begin PBXNativeTarget section */
		DD1EE4A11E8FFFC6001BECE1 /* pokedex */ = {
			isa = PBXNativeTarget;
			buildConfigurationList = DD1EE4B41E8FFFC6001BECE1 /* Build configuration list for PBXNativeTarget "pokedex" */;
			buildPhases = (
				90F31DD1591182AB64888E18 /* [CP] Check Pods Manifest.lock */,
				DD1EE49E1E8FFFC6001BECE1 /* Sources */,
				DD1EE49F1E8FFFC6001BECE1 /* Frameworks */,
				DD1EE4A01E8FFFC6001BECE1 /* Resources */,
				8F82199A9D8AE240E9C08830 /* [CP] Embed Pods Frameworks */,
				8C2EAF33AE80364957E4776A /* [CP] Copy Pods Resources */,
			);
			buildRules = (
			);
			dependencies = (
			);
			name = pokedex;
			productName = pokedex;
			productReference = DD1EE4A21E8FFFC6001BECE1 /* pokedex.app */;
			productType = "com.apple.product-type.application";
		};
/* End PBXNativeTarget section */

/* Begin PBXProject section */
		DD1EE49A1E8FFFC6001BECE1 /* Project object */ = {
			isa = PBXProject;
			attributes = {
				LastSwiftUpdateCheck = 0830;
				LastUpgradeCheck = 0830;
				ORGANIZATIONNAME = "Mofizur Rahman";
				TargetAttributes = {
					DD1EE4A11E8FFFC6001BECE1 = {
						CreatedOnToolsVersion = 8.3;
						DevelopmentTeam = EUTBWV7F6G;
						LastSwiftMigration = 0830;
						ProvisioningStyle = Automatic;
					};
				};
			};
			buildConfigurationList = DD1EE49D1E8FFFC6001BECE1 /* Build configuration list for PBXProject "pokedex" */;
			compatibilityVersion = "Xcode 3.2";
			developmentRegion = English;
			hasScannedForEncodings = 0;
			knownRegions = (
				en,
				Base,
			);
			mainGroup = DD1EE4991E8FFFC6001BECE1;
			productRefGroup = DD1EE4A31E8FFFC6001BECE1 /* Products */;
			projectDirPath = "";
			projectRoot = "";
			targets = (
				DD1EE4A11E8FFFC6001BECE1 /* pokedex */,
			);
		};
/* End PBXProject section */

/* Begin PBXResourcesBuildPhase section */
		DD1EE4A01E8FFFC6001BECE1 /* Resources */ = {
			isa = PBXResourcesBuildPhase;
			buildActionMask = 2147483647;
			files = (
				DDBBD5951E9032E000707E81 /* pokemon.ttf in Resources */,
				DD1EE4B01E8FFFC6001BECE1 /* LaunchScreen.storyboard in Resources */,
				DDBBD5991E9036C000707E81 /* music.mp3 in Resources */,
				DD1EE4AD1E8FFFC6001BECE1 /* Assets.xcassets in Resources */,
				DDBBD59F1E90675700707E81 /* pokeball.png in Resources */,
				DDBBD58A1E90048400707E81 /* pokemon.csv in Resources */,
				DD1EE4AB1E8FFFC6001BECE1 /* Main.storyboard in Resources */,
			);
			runOnlyForDeploymentPostprocessing = 0;
		};
/* End PBXResourcesBuildPhase section */

/* Begin PBXShellScriptBuildPhase section */
		8C2EAF33AE80364957E4776A /* [CP] Copy Pods Resources */ = {
			isa = PBXShellScriptBuildPhase;
			buildActionMask = 2147483647;
			files = (
			);
			inputPaths = (
			);
			name = "[CP] Copy Pods Resources";
			outputPaths = (
			);
			runOnlyForDeploymentPostprocessing = 0;
			shellPath = /bin/sh;
			shellScript = "\"${SRCROOT}/Pods/Target Support Files/Pods-pokedex/Pods-pokedex-resources.sh\"\n";
			showEnvVarsInLog = 0;
		};
		8F82199A9D8AE240E9C08830 /* [CP] Embed Pods Frameworks */ = {
			isa = PBXShellScriptBuildPhase;
			buildActionMask = 2147483647;
			files = (
			);
			inputPaths = (
			);
			name = "[CP] Embed Pods Frameworks";
			outputPaths = (
			);
			runOnlyForDeploymentPostprocessing = 0;
			shellPath = /bin/sh;
			shellScript = "\"${SRCROOT}/Pods/Target Support Files/Pods-pokedex/Pods-pokedex-frameworks.sh\"\n";
			showEnvVarsInLog = 0;
		};
		90F31DD1591182AB64888E18 /* [CP] Check Pods Manifest.lock */ = {
			isa = PBXShellScriptBuildPhase;
			buildActionMask = 2147483647;
			files = (
			);
			inputPaths = (
			);
			name = "[CP] Check Pods Manifest.lock";
			outputPaths = (
			);
			runOnlyForDeploymentPostprocessing = 0;
			shellPath = /bin/sh;
			shellScript = "diff \"${PODS_ROOT}/../Podfile.lock\" \"${PODS_ROOT}/Manifest.lock\" > /dev/null\nif [ $? != 0 ] ; then\n    # print error to STDERR\n    echo \"error: The sandbox is not in sync with the Podfile.lock. Run 'pod install' or update your CocoaPods installation.\" >&2\n    exit 1\nfi\n";
			showEnvVarsInLog = 0;
		};
/* End PBXShellScriptBuildPhase section */

/* Begin PBXSourcesBuildPhase section */
		DD1EE49E1E8FFFC6001BECE1 /* Sources */ = {
			isa = PBXSourcesBuildPhase;
			buildActionMask = 2147483647;
			files = (
				DDBBD5911E90132A00707E81 /* PokeCell.swift in Sources */,
				DD1EE4A81E8FFFC6001BECE1 /* ViewController.swift in Sources */,
				DDBBD59B1E90414000707E81 /* PokemonDetailVC.swift in Sources */,
				DD1EE4A61E8FFFC6001BECE1 /* AppDelegate.swift in Sources */,
				DDBBD59D1E9057B200707E81 /* Constants.swift in Sources */,
				DDBBD58F1E900D4000707E81 /* Pokemon.swift in Sources */,
				DDBBD5931E902DFD00707E81 /* csv.swift in Sources */,
			);
			runOnlyForDeploymentPostprocessing = 0;
		};
/* End PBXSourcesBuildPhase section */

/* Begin PBXVariantGroup section */
		DD1EE4A91E8FFFC6001BECE1 /* Main.storyboard */ = {
			isa = PBXVariantGroup;
			children = (
				DD1EE4AA1E8FFFC6001BECE1 /* Base */,
			);
			name = Main.storyboard;
			sourceTree = "<group>";
		};
		DD1EE4AE1E8FFFC6001BECE1 /* LaunchScreen.storyboard */ = {
			isa = PBXVariantGroup;
			children = (
				DD1EE4AF1E8FFFC6001BECE1 /* Base */,
			);
			name = LaunchScreen.storyboard;
			sourceTree = "<group>";
		};
/* End PBXVariantGroup section */

/* Begin XCBuildConfiguration section */
		DD1EE4B21E8FFFC6001BECE1 /* Debug */ = {
			isa = XCBuildConfiguration;
			buildSettings = {
				ALWAYS_SEARCH_USER_PATHS = NO;
				CLANG_ANALYZER_NONNULL = YES;
				CLANG_ANALYZER_NUMBER_OBJECT_CONVERSION = YES_AGGRESSIVE;
				CLANG_CXX_LANGUAGE_STANDARD = "gnu++0x";
				CLANG_CXX_LIBRARY = "libc++";
				CLANG_ENABLE_MODULES = YES;
				CLANG_ENABLE_OBJC_ARC = YES;
				CLANG_WARN_BOOL_CONVERSION = YES;
				CLANG_WARN_CONSTANT_CONVERSION = YES;
				CLANG_WARN_DIRECT_OBJC_ISA_USAGE = YES_ERROR;
				CLANG_WARN_DOCUMENTATION_COMMENTS = YES;
				CLANG_WARN_EMPTY_BODY = YES;
				CLANG_WARN_ENUM_CONVERSION = YES;
				CLANG_WARN_INFINITE_RECURSION = YES;
				CLANG_WARN_INT_CONVERSION = YES;
				CLANG_WARN_OBJC_ROOT_CLASS = YES_ERROR;
				CLANG_WARN_SUSPICIOUS_MOVE = YES;
				CLANG_WARN_UNREACHABLE_CODE = YES;
				CLANG_WARN__DUPLICATE_METHOD_MATCH = YES;
				"CODE_SIGN_IDENTITY[sdk=iphoneos*]" = "iPhone Developer";
				COPY_PHASE_STRIP = NO;
				DEBUG_INFORMATION_FORMAT = dwarf;
				ENABLE_STRICT_OBJC_MSGSEND = YES;
				ENABLE_TESTABILITY = YES;
				GCC_C_LANGUAGE_STANDARD = gnu99;
				GCC_DYNAMIC_NO_PIC = NO;
				GCC_NO_COMMON_BLOCKS = YES;
				GCC_OPTIMIZATION_LEVEL = 0;
				GCC_PREPROCESSOR_DEFINITIONS = (
					"DEBUG=1",
					"$(inherited)",
				);
				GCC_WARN_64_TO_32_BIT_CONVERSION = YES;
				GCC_WARN_ABOUT_RETURN_TYPE = YES_ERROR;
				GCC_WARN_UNDECLARED_SELECTOR = YES;
				GCC_WARN_UNINITIALIZED_AUTOS = YES_AGGRESSIVE;
				GCC_WARN_UNUSED_FUNCTION = YES;
				GCC_WARN_UNUSED_VARIABLE = YES;
				IPHONEOS_DEPLOYMENT_TARGET = 10.3;
				MTL_ENABLE_DEBUG_INFO = YES;
				ONLY_ACTIVE_ARCH = YES;
				SDKROOT = iphoneos;
				SWIFT_ACTIVE_COMPILATION_CONDITIONS = DEBUG;
				SWIFT_OPTIMIZATION_LEVEL = "-Onone";
			};
			name = Debug;
		};
		DD1EE4B31E8FFFC6001BECE1 /* Release */ = {
			isa = XCBuildConfiguration;
			buildSettings = {
				ALWAYS_SEARCH_USER_PATHS = NO;
				CLANG_ANALYZER_NONNULL = YES;
				CLANG_ANALYZER_NUMBER_OBJECT_CONVERSION = YES_AGGRESSIVE;
				CLANG_CXX_LANGUAGE_STANDARD = "gnu++0x";
				CLANG_CXX_LIBRARY = "libc++";
				CLANG_ENABLE_MODULES = YES;
				CLANG_ENABLE_OBJC_ARC = YES;
				CLANG_WARN_BOOL_CONVERSION = YES;
				CLANG_WARN_CONSTANT_CONVERSION = YES;
				CLANG_WARN_DIRECT_OBJC_ISA_USAGE = YES_ERROR;
				CLANG_WARN_DOCUMENTATION_COMMENTS = YES;
				CLANG_WARN_EMPTY_BODY = YES;
				CLANG_WARN_ENUM_CONVERSION = YES;
				CLANG_WARN_INFINITE_RECURSION = YES;
				CLANG_WARN_INT_CONVERSION = YES;
				CLANG_WARN_OBJC_ROOT_CLASS = YES_ERROR;
				CLANG_WARN_SUSPICIOUS_MOVE = YES;
				CLANG_WARN_UNREACHABLE_CODE = YES;
				CLANG_WARN__DUPLICATE_METHOD_MATCH = YES;
				"CODE_SIGN_IDENTITY[sdk=iphoneos*]" = "iPhone Developer";
				COPY_PHASE_STRIP = NO;
				DEBUG_INFORMATION_FORMAT = "dwarf-with-dsym";
				ENABLE_NS_ASSERTIONS = NO;
				ENABLE_STRICT_OBJC_MSGSEND = YES;
				GCC_C_LANGUAGE_STANDARD = gnu99;
				GCC_NO_COMMON_BLOCKS = YES;
				GCC_WARN_64_TO_32_BIT_CONVERSION = YES;
				GCC_WARN_ABOUT_RETURN_TYPE = YES_ERROR;
				GCC_WARN_UNDECLARED_SELECTOR = YES;
				GCC_WARN_UNINITIALIZED_AUTOS = YES_AGGRESSIVE;
				GCC_WARN_UNUSED_FUNCTION = YES;
				GCC_WARN_UNUSED_VARIABLE = YES;
				IPHONEOS_DEPLOYMENT_TARGET = 10.3;
				MTL_ENABLE_DEBUG_INFO = NO;
				SDKROOT = iphoneos;
				SWIFT_OPTIMIZATION_LEVEL = "-Owholemodule";
				VALIDATE_PRODUCT = YES;
			};
			name = Release;
		};
		DD1EE4B51E8FFFC6001BECE1 /* Debug */ = {
			isa = XCBuildConfiguration;
			baseConfigurationReference = F597767751DB056B9BD31B0E /* Pods-pokedex.debug.xcconfig */;
			buildSettings = {
				ASSETCATALOG_COMPILER_APPICON_NAME = AppIcon;
				DEVELOPMENT_TEAM = EUTBWV7F6G;
				INFOPLIST_FILE = pokedex/Info.plist;
				LD_RUNPATH_SEARCH_PATHS = "$(inherited) @executable_path/Frameworks";
				PRODUCT_BUNDLE_IDENTIFIER = com.codingmechanic.pokedex;
				PRODUCT_NAME = "$(TARGET_NAME)";
				SWIFT_VERSION = 3.0;
			};
			name = Debug;
		};
		DD1EE4B61E8FFFC6001BECE1 /* Release */ = {
			isa = XCBuildConfiguration;
			baseConfigurationReference = 0ADA09C788C2BAE66DAC72EC /* Pods-pokedex.release.xcconfig */;
			buildSettings = {
				ASSETCATALOG_COMPILER_APPICON_NAME = AppIcon;
				DEVELOPMENT_TEAM = EUTBWV7F6G;
				INFOPLIST_FILE = pokedex/Info.plist;
				LD_RUNPATH_SEARCH_PATHS = "$(inherited) @executable_path/Frameworks";
				PRODUCT_BUNDLE_IDENTIFIER = com.codingmechanic.pokedex;
				PRODUCT_NAME = "$(TARGET_NAME)";
				SWIFT_VERSION = 3.0;
			};
			name = Release;
		};
/* End XCBuildConfiguration section */

/* Begin XCConfigurationList section */
		DD1EE49D1E8FFFC6001BECE1 /* Build configuration list for PBXProject "pokedex" */ = {
			isa = XCConfigurationList;
			buildConfigurations = (
				DD1EE4B21E8FFFC6001BECE1 /* Debug */,
				DD1EE4B31E8FFFC6001BECE1 /* Release */,
			);
			defaultConfigurationIsVisible = 0;
			defaultConfigurationName = Release;
		};
		DD1EE4B41E8FFFC6001BECE1 /* Build configuration list for PBXNativeTarget "pokedex" */ = {
			isa = XCConfigurationList;
			buildConfigurations = (
				DD1EE4B51E8FFFC6001BECE1 /* Debug */,
				DD1EE4B61E8FFFC6001BECE1 /* Release */,
			);
			defaultConfigurationIsVisible = 0;
			defaultConfigurationName = Release;
		};
/* End XCConfigurationList section */
	};
	rootObject = DD1EE49A1E8FFFC6001BECE1 /* Project object */;
}
